
Microsoft Visual Studio Solution File, Format Version 12.00
# Visual Studio 15
VisualStudioVersion = 15.0.27004.2005
MinimumVisualStudioVersion = 10.0.40219.1
Project("{FAE04EC0-301F-11D3-BF4B-00C04F79EFBC}") = "SpindleTalker2", "SpindleTalkerDialog\SpindleTalker2.csproj", "{EE3CAC28-4488-46CB-AE2D-FAA22A802A73}"
EndProject
Project("{FAE04EC0-301F-11D3-BF4B-00C04F79EFBC}") = "VFDcontrol", "VFDcontrol\VFDcontrol.csproj", "{A9CC462D-55CA-4BA4-B1B3-C02DCB932FEF}"
EndProject
Global
	GlobalSection(SolutionConfigurationPlatforms) = preSolution
		Debug|Any CPU = Debug|Any CPU
		Release|Any CPU = Release|Any CPU
	EndGlobalSection
	GlobalSection(ProjectConfigurationPlatforms) = postSolution
		{EE3CAC28-4488-46CB-AE2D-FAA22A802A73}.Debug|Any CPU.ActiveCfg = Debug|Any CPU
		{EE3CAC28-4488-46CB-AE2D-FAA22A802A73}.Debug|Any CPU.Build.0 = Debug|Any CPU
		{EE3CAC28-4488-46CB-AE2D-FAA22A802A73}.Release|Any CPU.ActiveCfg = Release|Any CPU
		{EE3CAC28-4488-46CB-AE2D-FAA22A802A73}.Release|Any CPU.Build.0 = Release|Any CPU
		{A9CC462D-55CA-4BA4-B1B3-C02DCB932FEF}.Debug|Any CPU.ActiveCfg = Debug|Any CPU
		{A9CC462D-55CA-4BA4-B1B3-C02DCB932FEF}.Debug|Any CPU.Build.0 = Debug|Any CPU
		{A9CC462D-55CA-4BA4-B1B3-C02DCB932FEF}.Release|Any CPU.ActiveCfg = Release|Any CPU
		{A9CC462D-55CA-4BA4-B1B3-C02DCB932FEF}.Release|Any CPU.Build.0 = Release|Any CPU
	EndGlobalSection
	GlobalSection(SolutionProperties) = preSolution
		HideSolutionNode = FALSE
	EndGlobalSection
	GlobalSection(ExtensibilityGlobals) = postSolution
		SolutionGuid = {E8456754-7EF5-46DA-B45F-895920290AC6}
	EndGlobalSection
EndGlobal
